
Microsoft Visual Studio Solution File, Format Version 12.00
# Visual Studio Version 17
VisualStudioVersion = 17.5.33502.453
MinimumVisualStudioVersion = 10.0.40219.1
Project("{FAE04EC0-301F-11D3-BF4B-00C04F79EFBC}") = "UsuariosApi", "UsuariosApi\UsuariosApi.csproj", "{4D03BD8B-1955-4376-81B9-2CD36306AFB5}"
EndProject
Global
	GlobalSection(SolutionConfigurationPlatforms) = preSolution
		Debug|Any CPU = Debug|Any CPU
		Release|Any CPU = Release|Any CPU
	EndGlobalSection
	GlobalSection(ProjectConfigurationPlatforms) = postSolution
		{4D03BD8B-1955-4376-81B9-2CD36306AFB5}.Debug|Any CPU.ActiveCfg = Debug|Any CPU
		{4D03BD8B-1955-4376-81B9-2CD36306AFB5}.Debug|Any CPU.Build.0 = Debug|Any CPU
		{4D03BD8B-1955-4376-81B9-2CD36306AFB5}.Release|Any CPU.ActiveCfg = Release|Any CPU
		{4D03BD8B-1955-4376-81B9-2CD36306AFB5}.Release|Any CPU.Build.0 = Release|Any CPU
	EndGlobalSection
	GlobalSection(SolutionProperties) = preSolution
		HideSolutionNode = FALSE
	EndGlobalSection
	GlobalSection(ExtensibilityGlobals) = postSolution
		SolutionGuid = {87D5803F-9C3F-450F-81AE-F3257C7AB892}
	EndGlobalSection
EndGlobal
